// !$*UTF8*$!
{
	archiveVersion = 1;
	classes = {};
	objectVersion = 56;
	objects = {

/* Begin PBXBuildFile section */
		A10000000000000000000001 /* PiudaApp.swift in Sources */ = {isa = PBXBuildFile; fileRef = B10000000000000000000001 /* PiudaApp.swift */; };
		A10000000000000000000002 /* Models.swift in Sources */ = {isa = PBXBuildFile; fileRef = B10000000000000000000002 /* Models.swift */; };
		A10000000000000000000003 /* APIClient.swift in Sources */ = {isa = PBXBuildFile; fileRef = B10000000000000000000003 /* APIClient.swift */; };
		A10000000000000000000004 /* KeychainStore.swift in Sources */ = {isa = PBXBuildFile; fileRef = B10000000000000000000004 /* KeychainStore.swift */; };
		A10000000000000000000005 /* AppModel.swift in Sources */ = {isa = PBXBuildFile; fileRef = B10000000000000000000005 /* AppModel.swift */; };
		A10000000000000000000006 /* VoiceService.swift in Sources */ = {isa = PBXBuildFile; fileRef = B10000000000000000000006 /* VoiceService.swift */; };
		A10000000000000000000007 /* ContentView.swift in Sources */ = {isa = PBXBuildFile; fileRef = B10000000000000000000007 /* ContentView.swift */; };
		A10000000000000000000008 /* Speech.framework in Frameworks */ = {isa = PBXBuildFile; fileRef = B10000000000000000000009 /* Speech.framework */; };
		A10000000000000000000009 /* AVFoundation.framework in Frameworks */ = {isa = PBXBuildFile; fileRef = B1000000000000000000000A /* AVFoundation.framework */; };
		A1000000000000000000000A /* Security.framework in Frameworks */ = {isa = PBXBuildFile; fileRef = B1000000000000000000000B /* Security.framework */; };
		A1000000000000000000000B /* Assets.xcassets in Resources */ = {isa = PBXBuildFile; fileRef = B1000000000000000000000D /* Assets.xcassets */; };
/* End PBXBuildFile section */

/* Begin PBXFileReference section */
		B10000000000000000000001 /* PiudaApp.swift */ = {isa = PBXFileReference; lastKnownFileType = sourcecode.swift; path = PiudaApp.swift; sourceTree = "<group>"; };
		B10000000000000000000002 /* Models.swift */ = {isa = PBXFileReference; lastKnownFileType = sourcecode.swift; path = Models.swift; sourceTree = "<group>"; };
		B10000000000000000000003 /* APIClient.swift */ = {isa = PBXFileReference; lastKnownFileType = sourcecode.swift; path = APIClient.swift; sourceTree = "<group>"; };
		B10000000000000000000004 /* KeychainStore.swift */ = {isa = PBXFileReference; lastKnownFileType = sourcecode.swift; path = KeychainStore.swift; sourceTree = "<group>"; };
		B10000000000000000000005 /* AppModel.swift */ = {isa = PBXFileReference; lastKnownFileType = sourcecode.swift; path = AppModel.swift; sourceTree = "<group>"; };
		B10000000000000000000006 /* VoiceService.swift */ = {isa = PBXFileReference; lastKnownFileType = sourcecode.swift; path = VoiceService.swift; sourceTree = "<group>"; };
		B10000000000000000000007 /* ContentView.swift */ = {isa = PBXFileReference; lastKnownFileType = sourcecode.swift; path = ContentView.swift; sourceTree = "<group>"; };
		B10000000000000000000008 /* Info.plist */ = {isa = PBXFileReference; lastKnownFileType = text.plist.xml; path = Info.plist; sourceTree = "<group>"; };
		B10000000000000000000009 /* Speech.framework */ = {isa = PBXFileReference; lastKnownFileType = wrapper.framework; name = Speech.framework; path = System/Library/Frameworks/Speech.framework; sourceTree = SDKROOT; };
		B1000000000000000000000A /* AVFoundation.framework */ = {isa = PBXFileReference; lastKnownFileType = wrapper.framework; name = AVFoundation.framework; path = System/Library/Frameworks/AVFoundation.framework; sourceTree = SDKROOT; };
		B1000000000000000000000B /* Security.framework */ = {isa = PBXFileReference; lastKnownFileType = wrapper.framework; name = Security.framework; path = System/Library/Frameworks/Security.framework; sourceTree = SDKROOT; };
		B1000000000000000000000C /* Piuda.app */ = {isa = PBXFileReference; explicitFileType = wrapper.application; includeInIndex = 0; path = Piuda.app; sourceTree = BUILT_PRODUCTS_DIR; };
		B1000000000000000000000D /* Assets.xcassets */ = {isa = PBXFileReference; lastKnownFileType = folder.assetcatalog; path = Assets.xcassets; sourceTree = "<group>"; };
/* End PBXFileReference section */

/* Begin PBXFrameworksBuildPhase section */
		C10000000000000000000001 /* Frameworks */ = {isa = PBXFrameworksBuildPhase; buildActionMask = 2147483647; files = (A10000000000000000000008, A10000000000000000000009, A1000000000000000000000A); runOnlyForDeploymentPostprocessing = 0; };
/* End PBXFrameworksBuildPhase section */

/* Begin PBXGroup section */
		C10000000000000000000002 = {isa = PBXGroup; children = (C10000000000000000000003 /* Piuda */, C10000000000000000000004 /* Frameworks */, C10000000000000000000005 /* Products */); sourceTree = "<group>"; };
		C10000000000000000000003 /* Piuda */ = {isa = PBXGroup; path = Piuda; sourceTree = "<group>"; children = (B10000000000000000000001, B10000000000000000000002, B10000000000000000000003, B10000000000000000000004, B10000000000000000000005, B10000000000000000000006, B10000000000000000000007, B10000000000000000000008, B1000000000000000000000D); };
		C10000000000000000000004 /* Frameworks */ = {isa = PBXGroup; name = Frameworks; sourceTree = "<group>"; children = (B10000000000000000000009, B1000000000000000000000A, B1000000000000000000000B); };
		C10000000000000000000005 /* Products */ = {isa = PBXGroup; name = Products; sourceTree = "<group>"; children = (B1000000000000000000000C); };
/* End PBXGroup section */

/* Begin PBXNativeTarget section */
		D10000000000000000000001 /* Piuda */ = {isa = PBXNativeTarget; buildConfigurationList = E10000000000000000000001; buildPhases = (C10000000000000000000006, C10000000000000000000001, C10000000000000000000007); buildRules = (); dependencies = (); name = Piuda; productName = Piuda; productReference = B1000000000000000000000C; productType = "com.apple.product-type.application"; };
/* End PBXNativeTarget section */

/* Begin PBXProject section */
		D10000000000000000000002 /* Project object */ = {isa = PBXProject; attributes = {BuildIndependentTargetsInParallel = 1; LastSwiftUpdateCheck = 2660; LastUpgradeCheck = 2660; TargetAttributes = {D10000000000000000000001 = {CreatedOnToolsVersion = 26.6; ProvisioningStyle = Automatic;};};}; buildConfigurationList = E10000000000000000000002; compatibilityVersion = "Xcode 14.0"; developmentRegion = ko; hasScannedForEncodings = 0; knownRegions = (ko, en, Base); mainGroup = C10000000000000000000002; productRefGroup = C10000000000000000000005; projectDirPath = ""; projectRoot = ""; targets = (D10000000000000000000001); };
/* End PBXProject section */

/* Begin PBXResourcesBuildPhase section */
		C10000000000000000000007 /* Resources */ = {isa = PBXResourcesBuildPhase; buildActionMask = 2147483647; files = (A1000000000000000000000B); runOnlyForDeploymentPostprocessing = 0; };
/* End PBXResourcesBuildPhase section */

/* Begin PBXSourcesBuildPhase section */
		C10000000000000000000006 /* Sources */ = {isa = PBXSourcesBuildPhase; buildActionMask = 2147483647; files = (A10000000000000000000001, A10000000000000000000002, A10000000000000000000003, A10000000000000000000004, A10000000000000000000005, A10000000000000000000006, A10000000000000000000007); runOnlyForDeploymentPostprocessing = 0; };
/* End PBXSourcesBuildPhase section */

/* Begin XCBuildConfiguration section */
		F10000000000000000000001 /* Debug */ = {isa = XCBuildConfiguration; buildSettings = {ALWAYS_SEARCH_USER_PATHS = NO; CLANG_ENABLE_MODULES = YES; CLANG_ENABLE_OBJC_ARC = YES; COPY_PHASE_STRIP = NO; DEBUG_INFORMATION_FORMAT = dwarf; ENABLE_TESTABILITY = YES; GCC_C_LANGUAGE_STANDARD = gnu17; IPHONEOS_DEPLOYMENT_TARGET = 17.0; MTL_ENABLE_DEBUG_INFO = INCLUDE_SOURCE; ONLY_ACTIVE_ARCH = YES; SDKROOT = iphoneos; SWIFT_ACTIVE_COMPILATION_CONDITIONS = DEBUG; SWIFT_OPTIMIZATION_LEVEL = "-Onone";}; name = Debug; };
		F10000000000000000000002 /* Release */ = {isa = XCBuildConfiguration; buildSettings = {ALWAYS_SEARCH_USER_PATHS = NO; CLANG_ENABLE_MODULES = YES; CLANG_ENABLE_OBJC_ARC = YES; COPY_PHASE_STRIP = NO; DEBUG_INFORMATION_FORMAT = "dwarf-with-dsym"; ENABLE_NS_ASSERTIONS = NO; GCC_C_LANGUAGE_STANDARD = gnu17; IPHONEOS_DEPLOYMENT_TARGET = 17.0; MTL_ENABLE_DEBUG_INFO = NO; SDKROOT = iphoneos; SWIFT_COMPILATION_MODE = wholemodule; SWIFT_OPTIMIZATION_LEVEL = "-O"; VALIDATE_PRODUCT = YES;}; name = Release; };
		F10000000000000000000003 /* Debug */ = {isa = XCBuildConfiguration; buildSettings = {ASSETCATALOG_COMPILER_APPICON_NAME = AppIcon; CODE_SIGN_STYLE = Automatic; CURRENT_PROJECT_VERSION = 1; DEVELOPMENT_TEAM = ""; ENABLE_PREVIEWS = YES; GENERATE_INFOPLIST_FILE = NO; INFOPLIST_FILE = Piuda/Info.plist; IPHONEOS_DEPLOYMENT_TARGET = 17.0; MARKETING_VERSION = 2.0; PRODUCT_BUNDLE_IDENTIFIER = com.piuda.care; PRODUCT_NAME = "$(TARGET_NAME)"; SUPPORTED_PLATFORMS = "iphoneos iphonesimulator"; SWIFT_EMIT_LOC_STRINGS = YES; SWIFT_VERSION = 5.0; TARGETED_DEVICE_FAMILY = "1,2";}; name = Debug; };
		F10000000000000000000004 /* Release */ = {isa = XCBuildConfiguration; buildSettings = {ASSETCATALOG_COMPILER_APPICON_NAME = AppIcon; CODE_SIGN_STYLE = Automatic; CURRENT_PROJECT_VERSION = 1; DEVELOPMENT_TEAM = ""; GENERATE_INFOPLIST_FILE = NO; INFOPLIST_FILE = Piuda/Info.plist; IPHONEOS_DEPLOYMENT_TARGET = 17.0; MARKETING_VERSION = 2.0; PRODUCT_BUNDLE_IDENTIFIER = com.piuda.care; PRODUCT_NAME = "$(TARGET_NAME)"; SUPPORTED_PLATFORMS = "iphoneos iphonesimulator"; SWIFT_EMIT_LOC_STRINGS = YES; SWIFT_VERSION = 5.0; TARGETED_DEVICE_FAMILY = "1,2";}; name = Release; };
/* End XCBuildConfiguration section */

/* Begin XCConfigurationList section */
		E10000000000000000000001 = {isa = XCConfigurationList; buildConfigurations = (F10000000000000000000003, F10000000000000000000004); defaultConfigurationIsVisible = 0; defaultConfigurationName = Release; };
		E10000000000000000000002 = {isa = XCConfigurationList; buildConfigurations = (F10000000000000000000001, F10000000000000000000002); defaultConfigurationIsVisible = 0; defaultConfigurationName = Release; };
/* End XCConfigurationList section */
	};
	rootObject = D10000000000000000000002 /* Project object */;
}
